{
  "name": "algolia-instantsearch",
  "lockfileVersion": 2,
  "requires": true,
  "packages": {
    "": {
      "dependencies": {
        "algoliasearch": "^4.17.2",
        "instantsearch.js": "^4.56.1"
      }
    },
    "node_modules/@algolia/cache-browser-local-storage": {
      "version": "4.17.2",
      "resolved": "https://registry.npmjs.org/@algolia/cache-browser-local-storage/-/cache-browser-local-storage-4.17.2.tgz",
      "integrity": "sha512-ZkVN7K/JE+qMQbpR6h3gQOGR6yCJpmucSBCmH5YDxnrYbp2CbrVCu0Nr+FGVoWzMJNznj1waShkfQ9awERulLw==",
      "dependencies": {
        "@algolia/cache-common": "4.17.2"
      }
    },
    "node_modules/@algolia/cache-common": {
      "version": "4.17.2",
      "resolved": "https://registry.npmjs.org/@algolia/cache-common/-/cache-common-4.17.2.tgz",
      "integrity": "sha512-fojbhYIS8ovfYs6hwZpy1O4mBfVRxNgAaZRqsdVQd54hU4MxYDYFCxagYX28lOBz7btcDHld6BMoWXvjzkx6iQ=="
    },
    "node_modules/@algolia/cache-in-memory": {
      "version": "4.17.2",
      "resolved": "https://registry.npmjs.org/@algolia/cache-in-memory/-/cache-in-memory-4.17.2.tgz",
      "integrity": "sha512-UYQcMzPurNi+cPYkuPemTZkjKAjdgAS1hagC5irujKbrYnN4yscK4TkOI5tX+O8/KegtJt3kOK07OIrJ2QDAAw==",
      "dependencies": {
        "@algolia/cache-common": "4.17.2"
      }
    },
    "node_modules/@algolia/client-account": {
      "version": "4.17.2",
      "resolved": "https://registry.npmjs.org/@algolia/client-account/-/client-account-4.17.2.tgz",
      "integrity": "sha512-doSk89pBPDpDyKJSHFADIGa2XSGrBCj3QwPvqtRJXDADpN+OjW+eTR8r4hEs/7X4GGfjfAOAES8JgDx+fZntYw==",
      "dependencies": {
        "@algolia/client-common": "4.17.2",
        "@algolia/client-search": "4.17.2",
        "@algolia/transporter": "4.17.2"
      }
    },
    "node_modules/@algolia/client-analytics": {
      "version": "4.17.2",
      "resolved": "https://registry.npmjs.org/@algolia/client-analytics/-/client-analytics-4.17.2.tgz",
      "integrity": "sha512-V+DcXbOtD/hKwAR3qGQrtlrJ3q2f9OKfx843q744o4m3xHv5ueCAvGXB1znPsdaUrVDNAImcgEgqwI9x7EJbDw==",
      "dependencies": {
        "@algolia/client-common": "4.17.2",
        "@algolia/client-search": "4.17.2",
        "@algolia/requester-common": "4.17.2",
        "@algolia/transporter": "4.17.2"
      }
    },
    "node_modules/@algolia/client-common": {
      "version": "4.17.2",
      "resolved": "https://registry.npmjs.org/@algolia/client-common/-/client-common-4.17.2.tgz",
      "integrity": "sha512-gKBUnjxi0ukJYIJxVREYGt1Dmj1B3RBYbfGWi0dIPp1BC1VvQm+BOuNwsIwmq/x3MPO+sGuK978eKiP3tZDvag==",
      "dependencies": {
        "@algolia/requester-common": "4.17.2",
        "@algolia/transporter": "4.17.2"
      }
    },
    "node_modules/@algolia/client-personalization": {
      "version": "4.17.2",
      "resolved": "https://registry.npmjs.org/@algolia/client-personalization/-/client-personalization-4.17.2.tgz",
      "integrity": "sha512-wc4UgOWxSYWz5wpuelNmlt895jA9twjZWM2ms17Ws8qCvBHF7OVGdMGgbysPB8790YnfvvDnSsWOv3CEj26Eow==",
      "dependencies": {
        "@algolia/client-common": "4.17.2",
        "@algolia/requester-common": "4.17.2",
        "@algolia/transporter": "4.17.2"
      }
    },
    "node_modules/@algolia/client-search": {
      "version": "4.17.2",
      "resolved": "https://registry.npmjs.org/@algolia/client-search/-/client-search-4.17.2.tgz",
      "integrity": "sha512-FUjIs+gRe0upJC++uVs4sdxMw15JxfkT86Gr/kqVwi9kcqaZhXntSbW/Fw959bIYXczjmeVQsilYvBWW4YvSZA==",
      "dependencies": {
        "@algolia/client-common": "4.17.2",
        "@algolia/requester-common": "4.17.2",
        "@algolia/transporter": "4.17.2"
      }
    },
    "node_modules/@algolia/events": {
      "version": "4.0.1",
      "resolved": "https://registry.npmjs.org/@algolia/events/-/events-4.0.1.tgz",
      "integrity": "sha512-FQzvOCgoFXAbf5Y6mYozw2aj5KCJoA3m4heImceldzPSMbdyS4atVjJzXKMsfX3wnZTFYwkkt8/z8UesLHlSBQ=="
    },
    "node_modules/@algolia/logger-common": {
      "version": "4.17.2",
      "resolved": "https://registry.npmjs.org/@algolia/logger-common/-/logger-common-4.17.2.tgz",
      "integrity": "sha512-EfXuweUE+1HiSMsQidaDWA5Lv4NnStYIlh7PO5pLkI+sdhbMX0e5AO5nUAMIFM1VkEANes70RA8fzhP6OqCqQQ=="
    },
    "node_modules/@algolia/logger-console": {
      "version": "4.17.2",
      "resolved": "https://registry.npmjs.org/@algolia/logger-console/-/logger-console-4.17.2.tgz",
      "integrity": "sha512-JuG8HGVlJ+l/UEDK4h2Y8q/IEmRjQz1J0aS9tf6GPNbGYiSvMr1DDdZ+hqV3bb1XE6wU8Ypex56HisWMSpnG0A==",
      "dependencies": {
        "@algolia/logger-common": "4.17.2"
      }
    },
    "node_modules/@algolia/requester-browser-xhr": {
      "version": "4.17.2",
      "resolved": "https://registry.npmjs.org/@algolia/requester-browser-xhr/-/requester-browser-xhr-4.17.2.tgz",
      "integrity": "sha512-FKI2lYWwksALfRt2OETFmGb5+P7WVc4py2Ai3H7k8FSfTLwVvs9WVVmtlx6oANQ8RFEK4B85h8DQJTJ29TDfmA==",
      "dependencies": {
        "@algolia/requester-common": "4.17.2"
      }
    },
    "node_modules/@algolia/requester-common": {
      "version": "4.17.2",
      "resolved": "https://registry.npmjs.org/@algolia/requester-common/-/requester-common-4.17.2.tgz",
      "integrity": "sha512-Rfim23ztAhYpE9qm+KCfCRo+YLJCjiiTG+IpDdzUjMpYPhUtirQT0A35YEd/gKn86YNyydxS9w8iRSjwKh+L0A=="
    },
    "node_modules/@algolia/requester-node-http": {
      "version": "4.17.2",
      "resolved": "https://registry.npmjs.org/@algolia/requester-node-http/-/requester-node-http-4.17.2.tgz",
      "integrity": "sha512-E0b0kyCDMvUIhQmDNd/mH4fsKJdEEX6PkMKrYJjzm6moo+rP22tqpq4Rfe7DZD8OB6/LsDD3zs3Kvd+L+M5wwQ==",
      "dependencies": {
        "@algolia/requester-common": "4.17.2"
      }
    },
    "node_modules/@algolia/transporter": {
      "version": "4.17.2",
      "resolved": "https://registry.npmjs.org/@algolia/transporter/-/transporter-4.17.2.tgz",
      "integrity": "sha512-m8pXlz5OnNzjD1rcw+duCN4jG4yEzkJBsvKYMoN22Oq6rQwy1AY5muZ+IQUs4dL+A364CYkRMLRWhvXpCZ1x+g==",
      "dependencies": {
        "@algolia/cache-common": "4.17.2",
        "@algolia/logger-common": "4.17.2",
        "@algolia/requester-common": "4.17.2"
      }
    },
    "node_modules/@algolia/ui-components-highlight-vdom": {
      "version": "1.2.1",
      "resolved": "https://registry.npmjs.org/@algolia/ui-components-highlight-vdom/-/ui-components-highlight-vdom-1.2.1.tgz",
      "integrity": "sha512-IlYgIaCUEkz9ezNbwugwKv991oOHhveyq6nzL0F1jDzg1p3q5Yj/vO4KpNG910r2dwGCG3nEm5GtChcLnarhFA==",
      "dependencies": {
        "@algolia/ui-components-shared": "1.2.1",
        "@babel/runtime": "^7.0.0"
      }
    },
    "node_modules/@algolia/ui-components-shared": {
      "version": "1.2.1",
      "resolved": "https://registry.npmjs.org/@algolia/ui-components-shared/-/ui-components-shared-1.2.1.tgz",
      "integrity": "sha512-a7mYHf/GVQfhAx/HRiMveKkFvHspQv/REdG+C/FIOosiSmNZxX7QebDwJkrGSmDWdXO12D0Qv1xn3AytFcEDlQ=="
    },
    "node_modules/@babel/runtime": {
      "version": "7.22.5",
      "resolved": "https://registry.npmjs.org/@babel/runtime/-/runtime-7.22.5.tgz",
      "integrity": "sha512-ecjvYlnAaZ/KVneE/OdKYBYfgXV3Ptu6zQWmgEF7vwKhQnvVS6bjMD2XYgj+SNvQ1GfK/pjgokfPkC/2CO8CuA==",
      "dependencies": {
        "regenerator-runtime": "^0.13.11"
      },
      "engines": {
        "node": ">=6.9.0"
      }
    },
    "node_modules/@types/dom-speech-recognition": {
      "version": "0.0.1",
      "resolved": "https://registry.npmjs.org/@types/dom-speech-recognition/-/dom-speech-recognition-0.0.1.tgz",
      "integrity": "sha512-udCxb8DvjcDKfk1WTBzDsxFbLgYxmQGKrE/ricoMqHRNjSlSUCcamVTA5lIQqzY10mY5qCY0QDwBfFEwhfoDPw=="
    },
    "node_modules/@types/google.maps": {
      "version": "3.53.4",
      "resolved": "https://registry.npmjs.org/@types/google.maps/-/google.maps-3.53.4.tgz",
      "integrity": "sha512-IiDAYTONQEKCBssPtoM0XqWF8YIIk2leba4NOf9qVQ/d8l5gLuS3QT87TrX6/u8rMonQAXC9KEDmM4q7sT6MWg=="
    },
    "node_modules/@types/hogan.js": {
      "version": "3.0.1",
      "resolved": "https://registry.npmjs.org/@types/hogan.js/-/hogan.js-3.0.1.tgz",
      "integrity": "sha512-D03i/2OY7kGyMq9wdQ7oD8roE49z/ZCZThe/nbahtvuqCNZY9T2MfedOWyeBdbEpY2W8Gnh/dyJLdFtUCOkYbg=="
    },
    "node_modules/@types/qs": {
      "version": "6.9.7",
      "resolved": "https://registry.npmjs.org/@types/qs/-/qs-6.9.7.tgz",
      "integrity": "sha512-FGa1F62FT09qcrueBA6qYTrJPVDzah9a+493+o2PCXsesWHIn27G98TsSMs3WPNbZIEj4+VJf6saSFpvD+3Zsw=="
    },
    "node_modules/abbrev": {
      "version": "1.1.1",
      "resolved": "https://registry.npmjs.org/abbrev/-/abbrev-1.1.1.tgz",
      "integrity": "sha512-nne9/IiQ/hzIhY6pdDnbBtz7DjPTKrY00P/zvPSm5pOFkl6xuGrGnXn/VtTNNfNtAfZ9/1RtehkszU9qcTii0Q=="
    },
    "node_modules/algoliasearch": {
      "version": "4.17.2",
      "resolved": "https://registry.npmjs.org/algoliasearch/-/algoliasearch-4.17.2.tgz",
      "integrity": "sha512-VFu43JJNYIW74awp7oeQcQsPcxOhd8psqBDTfyNO2Zt6L1NqnNMTVnaIdQ+8dtKqUDBqQZp0szPxECvX8CK2Fg==",
      "dependencies": {
        "@algolia/cache-browser-local-storage": "4.17.2",
        "@algolia/cache-common": "4.17.2",
        "@algolia/cache-in-memory": "4.17.2",
        "@algolia/client-account": "4.17.2",
        "@algolia/client-analytics": "4.17.2",
        "@algolia/client-common": "4.17.2",
        "@algolia/client-personalization": "4.17.2",
        "@algolia/client-search": "4.17.2",
        "@algolia/logger-common": "4.17.2",
        "@algolia/logger-console": "4.17.2",
        "@algolia/requester-browser-xhr": "4.17.2",
        "@algolia/requester-common": "4.17.2",
        "@algolia/requester-node-http": "4.17.2",
        "@algolia/transporter": "4.17.2"
      }
    },
    "node_modules/algoliasearch-helper": {
      "version": "3.13.0",
      "resolved": "https://registry.npmjs.org/algoliasearch-helper/-/algoliasearch-helper-3.13.0.tgz",
      "integrity": "sha512-kV3c1jMQCvkARtGsSDvAwuht4PAMSsQILqPiH4WFiARoa3jXJ/r1TQoBWAjWyWF48rsNYCv7kzxgB4LTxrvvuw==",
      "dependencies": {
        "@algolia/events": "^4.0.1"
      },
      "peerDependencies": {
        "algoliasearch": ">= 3.1 < 6"
      }
    },
    "node_modules/hogan.js": {
      "version": "3.0.2",
      "resolved": "https://registry.npmjs.org/hogan.js/-/hogan.js-3.0.2.tgz",
      "integrity": "sha512-RqGs4wavGYJWE07t35JQccByczmNUXQT0E12ZYV1VKYu5UiAU9lsos/yBAcf840+zrUQQxgVduCR5/B8nNtibg==",
      "dependencies": {
        "mkdirp": "0.3.0",
        "nopt": "1.0.10"
      },
      "bin": {
        "hulk": "bin/hulk"
      }
    },
    "node_modules/htm": {
      "version": "3.1.1",
      "resolved": "https://registry.npmjs.org/htm/-/htm-3.1.1.tgz",
      "integrity": "sha512-983Vyg8NwUE7JkZ6NmOqpCZ+sh1bKv2iYTlUkzlWmA5JD2acKoxd4KVxbMmxX/85mtfdnDmTFoNKcg5DGAvxNQ=="
    },
    "node_modules/instantsearch.js": {
      "version": "4.56.1",
      "resolved": "https://registry.npmjs.org/instantsearch.js/-/instantsearch.js-4.56.1.tgz",
      "integrity": "sha512-4BQdnMEDWP9IRF12xninO/yR1f7F+mE935X0eVKuhUqitZF7GvUsL93MysXxHyPJnrbC6o0Aofc3kNcTKteKWw==",
      "dependencies": {
        "@algolia/events": "^4.0.1",
        "@algolia/ui-components-highlight-vdom": "^1.2.1",
        "@algolia/ui-components-shared": "^1.2.1",
        "@types/dom-speech-recognition": "^0.0.1",
        "@types/google.maps": "^3.45.3",
        "@types/hogan.js": "^3.0.0",
        "@types/qs": "^6.5.3",
        "algoliasearch-helper": "^3.13.0",
        "hogan.js": "^3.0.2",
        "htm": "^3.0.0",
        "preact": "^10.10.0",
        "qs": "^6.5.1 < 6.10",
        "search-insights": "^2.6.0"
      },
      "peerDependencies": {
        "algoliasearch": ">= 3.1 < 6"
      }
    },
    "node_modules/mkdirp": {
      "version": "0.3.0",
      "resolved": "https://registry.npmjs.org/mkdirp/-/mkdirp-0.3.0.tgz",
      "integrity": "sha512-OHsdUcVAQ6pOtg5JYWpCBo9W/GySVuwvP9hueRMW7UqshC0tbfzLv8wjySTPm3tfUZ/21CE9E1pJagOA91Pxew==",
      "deprecated": "Legacy versions of mkdirp are no longer supported. Please update to mkdirp 1.x. (Note that the API surface has changed to use Promises in 1.x.)",
      "engines": {
        "node": "*"
      }
    },
    "node_modules/nopt": {
      "version": "1.0.10",
      "resolved": "https://registry.npmjs.org/nopt/-/nopt-1.0.10.tgz",
      "integrity": "sha512-NWmpvLSqUrgrAC9HCuxEvb+PSloHpqVu+FqcO4eeF2h5qYRhA7ev6KvelyQAKtegUbC6RypJnlEOhd8vloNKYg==",
      "dependencies": {
        "abbrev": "1"
      },
      "bin": {
        "nopt": "bin/nopt.js"
      },
      "engines": {
        "node": "*"
      }
    },
    "node_modules/preact": {
      "version": "10.15.1",
      "resolved": "https://registry.npmjs.org/preact/-/preact-10.15.1.tgz",
      "integrity": "sha512-qs2ansoQEwzNiV5eAcRT1p1EC/dmEzaATVDJNiB3g2sRDWdA7b7MurXdJjB2+/WQktGWZwxvDrnuRFbWuIr64g==",
      "funding": {
        "type": "opencollective",
        "url": "https://opencollective.com/preact"
      }
    },
    "node_modules/qs": {
      "version": "6.9.7",
      "resolved": "https://registry.npmjs.org/qs/-/qs-6.9.7.tgz",
      "integrity": "sha512-IhMFgUmuNpyRfxA90umL7ByLlgRXu6tIfKPpF5TmcfRLlLCckfP/g3IQmju6jjpu+Hh8rA+2p6A27ZSPOOHdKw==",
      "engines": {
        "node": ">=0.6"
      },
      "funding": {
        "url": "https://github.com/sponsors/ljharb"
      }
    },
    "node_modules/regenerator-runtime": {
      "version": "0.13.11",
      "resolved": "https://registry.npmjs.org/regenerator-runtime/-/regenerator-runtime-0.13.11.tgz",
      "integrity": "sha512-kY1AZVr2Ra+t+piVaJ4gxaFaReZVH40AKNo7UCX6W+dEwBo/2oZJzqfuN1qLq1oL45o56cPaTXELwrTh8Fpggg=="
    },
    "node_modules/search-insights": {
      "version": "2.6.0",
      "resolved": "https://registry.npmjs.org/search-insights/-/search-insights-2.6.0.tgz",
      "integrity": "sha512-vU2/fJ+h/Mkm/DJOe+EaM5cafJv/1rRTZpGJTuFPf/Q5LjzgMDsqPdSaZsAe+GAWHHsfsu+rQSAn6c8IGtBEVw==",
      "engines": {
        "node": ">=8.16.0"
      }
    }
  },
  "dependencies": {
    "@algolia/cache-browser-local-storage": {
      "version": "4.17.2",
      "resolved": "https://registry.npmjs.org/@algolia/cache-browser-local-storage/-/cache-browser-local-storage-4.17.2.tgz",
      "integrity": "sha512-ZkVN7K/JE+qMQbpR6h3gQOGR6yCJpmucSBCmH5YDxnrYbp2CbrVCu0Nr+FGVoWzMJNznj1waShkfQ9awERulLw==",
      "requires": {
        "@algolia/cache-common": "4.17.2"
      }
    },
    "@algolia/cache-common": {
      "version": "4.17.2",
      "resolved": "https://registry.npmjs.org/@algolia/cache-common/-/cache-common-4.17.2.tgz",
      "integrity": "sha512-fojbhYIS8ovfYs6hwZpy1O4mBfVRxNgAaZRqsdVQd54hU4MxYDYFCxagYX28lOBz7btcDHld6BMoWXvjzkx6iQ=="
    },
    "@algolia/cache-in-memory": {
      "version": "4.17.2",
      "resolved": "https://registry.npmjs.org/@algolia/cache-in-memory/-/cache-in-memory-4.17.2.tgz",
      "integrity": "sha512-UYQcMzPurNi+cPYkuPemTZkjKAjdgAS1hagC5irujKbrYnN4yscK4TkOI5tX+O8/KegtJt3kOK07OIrJ2QDAAw==",
      "requires": {
        "@algolia/cache-common": "4.17.2"
      }
    },
    "@algolia/client-account": {
      "version": "4.17.2",
      "resolved": "https://registry.npmjs.org/@algolia/client-account/-/client-account-4.17.2.tgz",
      "integrity": "sha512-doSk89pBPDpDyKJSHFADIGa2XSGrBCj3QwPvqtRJXDADpN+OjW+eTR8r4hEs/7X4GGfjfAOAES8JgDx+fZntYw==",
      "requires": {
        "@algolia/client-common": "4.17.2",
        "@algolia/client-search": "4.17.2",
        "@algolia/transporter": "4.17.2"
      }
    },
    "@algolia/client-analytics": {
      "version": "4.17.2",
      "resolved": "https://registry.npmjs.org/@algolia/client-analytics/-/client-analytics-4.17.2.tgz",
      "integrity": "sha512-V+DcXbOtD/hKwAR3qGQrtlrJ3q2f9OKfx843q744o4m3xHv5ueCAvGXB1znPsdaUrVDNAImcgEgqwI9x7EJbDw==",
      "requires": {
        "@algolia/client-common": "4.17.2",
        "@algolia/client-search": "4.17.2",
        "@algolia/requester-common": "4.17.2",
        "@algolia/transporter": "4.17.2"
      }
    },
    "@algolia/client-common": {
      "version": "4.17.2",
      "resolved": "https://registry.npmjs.org/@algolia/client-common/-/client-common-4.17.2.tgz",
      "integrity": "sha512-gKBUnjxi0ukJYIJxVREYGt1Dmj1B3RBYbfGWi0dIPp1BC1VvQm+BOuNwsIwmq/x3MPO+sGuK978eKiP3tZDvag==",
      "requires": {
        "@algolia/requester-common": "4.17.2",
        "@algolia/transporter": "4.17.2"
      }
    },
    "@algolia/client-personalization": {
      "version": "4.17.2",
      "resolved": "https://registry.npmjs.org/@algolia/client-personalization/-/client-personalization-4.17.2.tgz",
      "integrity": "sha512-wc4UgOWxSYWz5wpuelNmlt895jA9twjZWM2ms17Ws8qCvBHF7OVGdMGgbysPB8790YnfvvDnSsWOv3CEj26Eow==",
      "requires": {
        "@algolia/client-common": "4.17.2",
        "@algolia/requester-common": "4.17.2",
        "@algolia/transporter": "4.17.2"
      }
    },
    "@algolia/client-search": {
      "version": "4.17.2",
      "resolved": "https://registry.npmjs.org/@algolia/client-search/-/client-search-4.17.2.tgz",
      "integrity": "sha512-FUjIs+gRe0upJC++uVs4sdxMw15JxfkT86Gr/kqVwi9kcqaZhXntSbW/Fw959bIYXczjmeVQsilYvBWW4YvSZA==",
      "requires": {
        "@algolia/client-common": "4.17.2",
        "@algolia/requester-common": "4.17.2",
        "@algolia/transporter": "4.17.2"
      }
    },
    "@algolia/events": {
      "version": "4.0.1",
      "resolved": "https://registry.npmjs.org/@algolia/events/-/events-4.0.1.tgz",
      "integrity": "sha512-FQzvOCgoFXAbf5Y6mYozw2aj5KCJoA3m4heImceldzPSMbdyS4atVjJzXKMsfX3wnZTFYwkkt8/z8UesLHlSBQ=="
    },
    "@algolia/logger-common": {
      "version": "4.17.2",
      "resolved": "https://registry.npmjs.org/@algolia/logger-common/-/logger-common-4.17.2.tgz",
      "integrity": "sha512-EfXuweUE+1HiSMsQidaDWA5Lv4NnStYIlh7PO5pLkI+sdhbMX0e5AO5nUAMIFM1VkEANes70RA8fzhP6OqCqQQ=="
    },
    "@algolia/logger-console": {
      "version": "4.17.2",
      "resolved": "https://registry.npmjs.org/@algolia/logger-console/-/logger-console-4.17.2.tgz",
      "integrity": "sha512-JuG8HGVlJ+l/UEDK4h2Y8q/IEmRjQz1J0aS9tf6GPNbGYiSvMr1DDdZ+hqV3bb1XE6wU8Ypex56HisWMSpnG0A==",
      "requires": {
        "@algolia/logger-common": "4.17.2"
      }
    },
    "@algolia/requester-browser-xhr": {
      "version": "4.17.2",
      "resolved": "https://registry.npmjs.org/@algolia/requester-browser-xhr/-/requester-browser-xhr-4.17.2.tgz",
      "integrity": "sha512-FKI2lYWwksALfRt2OETFmGb5+P7WVc4py2Ai3H7k8FSfTLwVvs9WVVmtlx6oANQ8RFEK4B85h8DQJTJ29TDfmA==",
      "requires": {
        "@algolia/requester-common": "4.17.2"
      }
    },
    "@algolia/requester-common": {
      "version": "4.17.2",
      "resolved": "https://registry.npmjs.org/@algolia/requester-common/-/requester-common-4.17.2.tgz",
      "integrity": "sha512-Rfim23ztAhYpE9qm+KCfCRo+YLJCjiiTG+IpDdzUjMpYPhUtirQT0A35YEd/gKn86YNyydxS9w8iRSjwKh+L0A=="
    },
    "@algolia/requester-node-http": {
      "version": "4.17.2",
      "resolved": "https://registry.npmjs.org/@algolia/requester-node-http/-/requester-node-http-4.17.2.tgz",
      "integrity": "sha512-E0b0kyCDMvUIhQmDNd/mH4fsKJdEEX6PkMKrYJjzm6moo+rP22tqpq4Rfe7DZD8OB6/LsDD3zs3Kvd+L+M5wwQ==",
      "requires": {
        "@algolia/requester-common": "4.17.2"
      }
    },
    "@algolia/transporter": {
      "version": "4.17.2",
      "resolved": "https://registry.npmjs.org/@algolia/transporter/-/transporter-4.17.2.tgz",
      "integrity": "sha512-m8pXlz5OnNzjD1rcw+duCN4jG4yEzkJBsvKYMoN22Oq6rQwy1AY5muZ+IQUs4dL+A364CYkRMLRWhvXpCZ1x+g==",
      "requires": {
        "@algolia/cache-common": "4.17.2",
        "@algolia/logger-common": "4.17.2",
        "@algolia/requester-common": "4.17.2"
      }
    },
    "@algolia/ui-components-highlight-vdom": {
      "version": "1.2.1",
      "resolved": "https://registry.npmjs.org/@algolia/ui-components-highlight-vdom/-/ui-components-highlight-vdom-1.2.1.tgz",
      "integrity": "sha512-IlYgIaCUEkz9ezNbwugwKv991oOHhveyq6nzL0F1jDzg1p3q5Yj/vO4KpNG910r2dwGCG3nEm5GtChcLnarhFA==",
      "requires": {
        "@algolia/ui-components-shared": "1.2.1",
        "@babel/runtime": "^7.0.0"
      }
    },
    "@algolia/ui-components-shared": {
      "version": "1.2.1",
      "resolved": "https://registry.npmjs.org/@algolia/ui-components-shared/-/ui-components-shared-1.2.1.tgz",
      "integrity": "sha512-a7mYHf/GVQfhAx/HRiMveKkFvHspQv/REdG+C/FIOosiSmNZxX7QebDwJkrGSmDWdXO12D0Qv1xn3AytFcEDlQ=="
    },
    "@babel/runtime": {
      "version": "7.22.5",
      "resolved": "https://registry.npmjs.org/@babel/runtime/-/runtime-7.22.5.tgz",
      "integrity": "sha512-ecjvYlnAaZ/KVneE/OdKYBYfgXV3Ptu6zQWmgEF7vwKhQnvVS6bjMD2XYgj+SNvQ1GfK/pjgokfPkC/2CO8CuA==",
      "requires": {
        "regenerator-runtime": "^0.13.11"
      }
    },
    "@types/dom-speech-recognition": {
      "version": "0.0.1",
      "resolved": "https://registry.npmjs.org/@types/dom-speech-recognition/-/dom-speech-recognition-0.0.1.tgz",
      "integrity": "sha512-udCxb8DvjcDKfk1WTBzDsxFbLgYxmQGKrE/ricoMqHRNjSlSUCcamVTA5lIQqzY10mY5qCY0QDwBfFEwhfoDPw=="
    },
    "@types/google.maps": {
      "version": "3.53.4",
      "resolved": "https://registry.npmjs.org/@types/google.maps/-/google.maps-3.53.4.tgz",
      "integrity": "sha512-IiDAYTONQEKCBssPtoM0XqWF8YIIk2leba4NOf9qVQ/d8l5gLuS3QT87TrX6/u8rMonQAXC9KEDmM4q7sT6MWg=="
    },
    "@types/hogan.js": {
      "version": "3.0.1",
      "resolved": "https://registry.npmjs.org/@types/hogan.js/-/hogan.js-3.0.1.tgz",
      "integrity": "sha512-D03i/2OY7kGyMq9wdQ7oD8roE49z/ZCZThe/nbahtvuqCNZY9T2MfedOWyeBdbEpY2W8Gnh/dyJLdFtUCOkYbg=="
    },
    "@types/qs": {
      "version": "6.9.7",
      "resolved": "https://registry.npmjs.org/@types/qs/-/qs-6.9.7.tgz",
      "integrity": "sha512-FGa1F62FT09qcrueBA6qYTrJPVDzah9a+493+o2PCXsesWHIn27G98TsSMs3WPNbZIEj4+VJf6saSFpvD+3Zsw=="
    },
    "abbrev": {
      "version": "1.1.1",
      "resolved": "https://registry.npmjs.org/abbrev/-/abbrev-1.1.1.tgz",
      "integrity": "sha512-nne9/IiQ/hzIhY6pdDnbBtz7DjPTKrY00P/zvPSm5pOFkl6xuGrGnXn/VtTNNfNtAfZ9/1RtehkszU9qcTii0Q=="
    },
    "algoliasearch": {
      "version": "4.17.2",
      "resolved": "https://registry.npmjs.org/algoliasearch/-/algoliasearch-4.17.2.tgz",
      "integrity": "sha512-VFu43JJNYIW74awp7oeQcQsPcxOhd8psqBDTfyNO2Zt6L1NqnNMTVnaIdQ+8dtKqUDBqQZp0szPxECvX8CK2Fg==",
      "requires": {
        "@algolia/cache-browser-local-storage": "4.17.2",
        "@algolia/cache-common": "4.17.2",
        "@algolia/cache-in-memory": "4.17.2",
        "@algolia/client-account": "4.17.2",
        "@algolia/client-analytics": "4.17.2",
        "@algolia/client-common": "4.17.2",
        "@algolia/client-personalization": "4.17.2",
        "@algolia/client-search": "4.17.2",
        "@algolia/logger-common": "4.17.2",
        "@algolia/logger-console": "4.17.2",
        "@algolia/requester-browser-xhr": "4.17.2",
        "@algolia/requester-common": "4.17.2",
        "@algolia/requester-node-http": "4.17.2",
        "@algolia/transporter": "4.17.2"
      }
    },
    "algoliasearch-helper": {
      "version": "3.13.0",
      "resolved": "https://registry.npmjs.org/algoliasearch-helper/-/algoliasearch-helper-3.13.0.tgz",
      "integrity": "sha512-kV3c1jMQCvkARtGsSDvAwuht4PAMSsQILqPiH4WFiARoa3jXJ/r1TQoBWAjWyWF48rsNYCv7kzxgB4LTxrvvuw==",
      "requires": {
        "@algolia/events": "^4.0.1"
      }
    },
    "hogan.js": {
      "version": "3.0.2",
      "resolved": "https://registry.npmjs.org/hogan.js/-/hogan.js-3.0.2.tgz",
      "integrity": "sha512-RqGs4wavGYJWE07t35JQccByczmNUXQT0E12ZYV1VKYu5UiAU9lsos/yBAcf840+zrUQQxgVduCR5/B8nNtibg==",
      "requires": {
        "mkdirp": "0.3.0",
        "nopt": "1.0.10"
      }
    },
    "htm": {
      "version": "3.1.1",
      "resolved": "https://registry.npmjs.org/htm/-/htm-3.1.1.tgz",
      "integrity": "sha512-983Vyg8NwUE7JkZ6NmOqpCZ+sh1bKv2iYTlUkzlWmA5JD2acKoxd4KVxbMmxX/85mtfdnDmTFoNKcg5DGAvxNQ=="
    },
    "instantsearch.js": {
      "version": "4.56.1",
      "resolved": "https://registry.npmjs.org/instantsearch.js/-/instantsearch.js-4.56.1.tgz",
      "integrity": "sha512-4BQdnMEDWP9IRF12xninO/yR1f7F+mE935X0eVKuhUqitZF7GvUsL93MysXxHyPJnrbC6o0Aofc3kNcTKteKWw==",
      "requires": {
        "@algolia/events": "^4.0.1",
        "@algolia/ui-components-highlight-vdom": "^1.2.1",
        "@algolia/ui-components-shared": "^1.2.1",
        "@types/dom-speech-recognition": "^0.0.1",
        "@types/google.maps": "^3.45.3",
        "@types/hogan.js": "^3.0.0",
        "@types/qs": "^6.5.3",
        "algoliasearch-helper": "^3.13.0",
        "hogan.js": "^3.0.2",
        "htm": "^3.0.0",
        "preact": "^10.10.0",
        "qs": "^6.5.1 < 6.10",
        "search-insights": "^2.6.0"
      }
    },
    "mkdirp": {
      "version": "0.3.0",
      "resolved": "https://registry.npmjs.org/mkdirp/-/mkdirp-0.3.0.tgz",
      "integrity": "sha512-OHsdUcVAQ6pOtg5JYWpCBo9W/GySVuwvP9hueRMW7UqshC0tbfzLv8wjySTPm3tfUZ/21CE9E1pJagOA91Pxew=="
    },
    "nopt": {
      "version": "1.0.10",
      "resolved": "https://registry.npmjs.org/nopt/-/nopt-1.0.10.tgz",
      "integrity": "sha512-NWmpvLSqUrgrAC9HCuxEvb+PSloHpqVu+FqcO4eeF2h5qYRhA7ev6KvelyQAKtegUbC6RypJnlEOhd8vloNKYg==",
      "requires": {
        "abbrev": "1"
      }
    },
    "preact": {
      "version": "10.15.1",
      "resolved": "https://registry.npmjs.org/preact/-/preact-10.15.1.tgz",
      "integrity": "sha512-qs2ansoQEwzNiV5eAcRT1p1EC/dmEzaATVDJNiB3g2sRDWdA7b7MurXdJjB2+/WQktGWZwxvDrnuRFbWuIr64g=="
    },
    "qs": {
      "version": "6.9.7",
      "resolved": "https://registry.npmjs.org/qs/-/qs-6.9.7.tgz",
      "integrity": "sha512-IhMFgUmuNpyRfxA90umL7ByLlgRXu6tIfKPpF5TmcfRLlLCckfP/g3IQmju6jjpu+Hh8rA+2p6A27ZSPOOHdKw=="
    },
    "regenerator-runtime": {
      "version": "0.13.11",
      "resolved": "https://registry.npmjs.org/regenerator-runtime/-/regenerator-runtime-0.13.11.tgz",
      "integrity": "sha512-kY1AZVr2Ra+t+piVaJ4gxaFaReZVH40AKNo7UCX6W+dEwBo/2oZJzqfuN1qLq1oL45o56cPaTXELwrTh8Fpggg=="
    },
    "search-insights": {
      "version": "2.6.0",
      "resolved": "https://registry.npmjs.org/search-insights/-/search-insights-2.6.0.tgz",
      "integrity": "sha512-vU2/fJ+h/Mkm/DJOe+EaM5cafJv/1rRTZpGJTuFPf/Q5LjzgMDsqPdSaZsAe+GAWHHsfsu+rQSAn6c8IGtBEVw=="
    }
  }
}
